
Microsoft Visual Studio Solution File, Format Version 12.00
# Visual Studio Version 17
VisualStudioVersion = 17.0.31903.59
MinimumVisualStudioVersion = 10.0.40219.1
Project("{FAE04EC0-301F-11D3-BF4B-00C04F79EFBC}") = "MoneyExtension", "MoneyExtension\MoneyExtension.csproj", "{4FCCD2C9-AEA8-4DBE-BA00-AFEBAFDD7ABE}"
EndProject
Project("{FAE04EC0-301F-11D3-BF4B-00C04F79EFBC}") = "MoneyExtensions.Tests", "MoneyExtensions.Tests\MoneyExtensions.Tests.csproj", "{811CD964-1515-41CB-9957-1A53558D91AB}"
EndProject
Global
	GlobalSection(SolutionConfigurationPlatforms) = preSolution
		Debug|Any CPU = Debug|Any CPU
		Release|Any CPU = Release|Any CPU
	EndGlobalSection
	GlobalSection(SolutionProperties) = preSolution
		HideSolutionNode = FALSE
	EndGlobalSection
	GlobalSection(ProjectConfigurationPlatforms) = postSolution
		{4FCCD2C9-AEA8-4DBE-BA00-AFEBAFDD7ABE}.Debug|Any CPU.ActiveCfg = Debug|Any CPU
		{4FCCD2C9-AEA8-4DBE-BA00-AFEBAFDD7ABE}.Debug|Any CPU.Build.0 = Debug|Any CPU
		{4FCCD2C9-AEA8-4DBE-BA00-AFEBAFDD7ABE}.Release|Any CPU.ActiveCfg = Release|Any CPU
		{4FCCD2C9-AEA8-4DBE-BA00-AFEBAFDD7ABE}.Release|Any CPU.Build.0 = Release|Any CPU
		{811CD964-1515-41CB-9957-1A53558D91AB}.Debug|Any CPU.ActiveCfg = Debug|Any CPU
		{811CD964-1515-41CB-9957-1A53558D91AB}.Debug|Any CPU.Build.0 = Debug|Any CPU
		{811CD964-1515-41CB-9957-1A53558D91AB}.Release|Any CPU.ActiveCfg = Release|Any CPU
		{811CD964-1515-41CB-9957-1A53558D91AB}.Release|Any CPU.Build.0 = Release|Any CPU
	EndGlobalSection
EndGlobal
